
Microsoft Visual Studio Solution File, Format Version 12.00
# Visual Studio 2013
VisualStudioVersion = 12.0.30501.0
MinimumVisualStudioVersion = 10.0.40219.1
Project("{FAE04EC0-301F-11D3-BF4B-00C04F79EFBC}") = "MatrixTransposition", "MatrixTransposition\MatrixTransposition.csproj", "{F079A625-20EB-46A6-A084-C5824231206A}"
EndProject
Global
	GlobalSection(SolutionConfigurationPlatforms) = preSolution
		Debug|Any CPU = Debug|Any CPU
		Debug|x64 = Debug|x64
		Release|Any CPU = Release|Any CPU
		Release|x64 = Release|x64
	EndGlobalSection
	GlobalSection(ProjectConfigurationPlatforms) = postSolution
		{F079A625-20EB-46A6-A084-C5824231206A}.Debug|Any CPU.ActiveCfg = Debug|Any CPU
		{F079A625-20EB-46A6-A084-C5824231206A}.Debug|Any CPU.Build.0 = Debug|Any CPU
		{F079A625-20EB-46A6-A084-C5824231206A}.Debug|x64.ActiveCfg = Debug|x64
		{F079A625-20EB-46A6-A084-C5824231206A}.Debug|x64.Build.0 = Debug|x64
		{F079A625-20EB-46A6-A084-C5824231206A}.Release|Any CPU.ActiveCfg = Release|Any CPU
		{F079A625-20EB-46A6-A084-C5824231206A}.Release|Any CPU.Build.0 = Release|Any CPU
		{F079A625-20EB-46A6-A084-C5824231206A}.Release|x64.ActiveCfg = Release|x64
		{F079A625-20EB-46A6-A084-C5824231206A}.Release|x64.Build.0 = Release|x64
	EndGlobalSection
	GlobalSection(SolutionProperties) = preSolution
		HideSolutionNode = FALSE
	EndGlobalSection
EndGlobal
